// !$*UTF8*$!
{
	archiveVersion = 1;
	classes = {
	};
	objectVersion = 46;
	objects = {

/* Begin PBXBuildFile section */
		74AC61241AAB680200DE3B77 /* AppDelegate.swift in Sources */ = {isa = PBXBuildFile; fileRef = 74AC61231AAB680200DE3B77 /* AppDelegate.swift */; };
		74AC61261AAB680200DE3B77 /* ViewController.swift in Sources */ = {isa = PBXBuildFile; fileRef = 74AC61251AAB680200DE3B77 /* ViewController.swift */; };
		74AC61291AAB680200DE3B77 /* Main.storyboard in Resources */ = {isa = PBXBuildFile; fileRef = 74AC61271AAB680200DE3B77 /* Main.storyboard */; };
		74AC612B1AAB680200DE3B77 /* Images.xcassets in Resources */ = {isa = PBXBuildFile; fileRef = 74AC612A1AAB680200DE3B77 /* Images.xcassets */; };
		74AC612E1AAB680200DE3B77 /* LaunchScreen.xib in Resources */ = {isa = PBXBuildFile; fileRef = 74AC612C1AAB680200DE3B77 /* LaunchScreen.xib */; };
		74F026B01BAC8389001C737A /* SocketAckEmitter.swift in Sources */ = {isa = PBXBuildFile; fileRef = 74F026A01BAC8389001C737A /* SocketAckEmitter.swift */; settings = {ASSET_TAGS = (); }; };
		74F026B11BAC8389001C737A /* SocketAckManager.swift in Sources */ = {isa = PBXBuildFile; fileRef = 74F026A11BAC8389001C737A /* SocketAckManager.swift */; settings = {ASSET_TAGS = (); }; };
		74F026B21BAC8389001C737A /* SocketAnyEvent.swift in Sources */ = {isa = PBXBuildFile; fileRef = 74F026A21BAC8389001C737A /* SocketAnyEvent.swift */; settings = {ASSET_TAGS = (); }; };
		74F026B31BAC8389001C737A /* SocketEngine.swift in Sources */ = {isa = PBXBuildFile; fileRef = 74F026A31BAC8389001C737A /* SocketEngine.swift */; settings = {ASSET_TAGS = (); }; };
		74F026B41BAC8389001C737A /* SocketEngineClient.swift in Sources */ = {isa = PBXBuildFile; fileRef = 74F026A41BAC8389001C737A /* SocketEngineClient.swift */; settings = {ASSET_TAGS = (); }; };
		74F026B51BAC8389001C737A /* SocketEventHandler.swift in Sources */ = {isa = PBXBuildFile; fileRef = 74F026A51BAC8389001C737A /* SocketEventHandler.swift */; settings = {ASSET_TAGS = (); }; };
		74F026B61BAC8389001C737A /* SocketFixUTF8.swift in Sources */ = {isa = PBXBuildFile; fileRef = 74F026A61BAC8389001C737A /* SocketFixUTF8.swift */; settings = {ASSET_TAGS = (); }; };
		74F026B71BAC8389001C737A /* SocketIOClient.swift in Sources */ = {isa = PBXBuildFile; fileRef = 74F026A71BAC8389001C737A /* SocketIOClient.swift */; settings = {ASSET_TAGS = (); }; };
		74F026B81BAC8389001C737A /* SocketIOClientStatus.swift in Sources */ = {isa = PBXBuildFile; fileRef = 74F026A81BAC8389001C737A /* SocketIOClientStatus.swift */; settings = {ASSET_TAGS = (); }; };
		74F026B91BAC8389001C737A /* SocketLogger.swift in Sources */ = {isa = PBXBuildFile; fileRef = 74F026A91BAC8389001C737A /* SocketLogger.swift */; settings = {ASSET_TAGS = (); }; };
		74F026BA1BAC8389001C737A /* SocketPacket.swift in Sources */ = {isa = PBXBuildFile; fileRef = 74F026AA1BAC8389001C737A /* SocketPacket.swift */; settings = {ASSET_TAGS = (); }; };
		74F026BB1BAC8389001C737A /* SocketParser.swift in Sources */ = {isa = PBXBuildFile; fileRef = 74F026AB1BAC8389001C737A /* SocketParser.swift */; settings = {ASSET_TAGS = (); }; };
		74F026BC1BAC8389001C737A /* SocketStringReader.swift in Sources */ = {isa = PBXBuildFile; fileRef = 74F026AC1BAC8389001C737A /* SocketStringReader.swift */; settings = {ASSET_TAGS = (); }; };
		74F026BD1BAC8389001C737A /* SocketTypes.swift in Sources */ = {isa = PBXBuildFile; fileRef = 74F026AD1BAC8389001C737A /* SocketTypes.swift */; settings = {ASSET_TAGS = (); }; };
		74F026BE1BAC8389001C737A /* SwiftRegex.swift in Sources */ = {isa = PBXBuildFile; fileRef = 74F026AE1BAC8389001C737A /* SwiftRegex.swift */; settings = {ASSET_TAGS = (); }; };
		74F026BF1BAC8389001C737A /* WebSocket.swift in Sources */ = {isa = PBXBuildFile; fileRef = 74F026AF1BAC8389001C737A /* WebSocket.swift */; settings = {ASSET_TAGS = (); }; };
/* End PBXBuildFile section */

/* Begin PBXFileReference section */
		74AC611E1AAB680200DE3B77 /* TicTacIOiOS.app */ = {isa = PBXFileReference; explicitFileType = wrapper.application; includeInIndex = 0; path = TicTacIOiOS.app; sourceTree = BUILT_PRODUCTS_DIR; };
		74AC61221AAB680200DE3B77 /* Info.plist */ = {isa = PBXFileReference; lastKnownFileType = text.plist.xml; path = Info.plist; sourceTree = "<group>"; };
		74AC61231AAB680200DE3B77 /* AppDelegate.swift */ = {isa = PBXFileReference; lastKnownFileType = sourcecode.swift; path = AppDelegate.swift; sourceTree = "<group>"; };
		74AC61251AAB680200DE3B77 /* ViewController.swift */ = {isa = PBXFileReference; lastKnownFileType = sourcecode.swift; path = ViewController.swift; sourceTree = "<group>"; };
		74AC61281AAB680200DE3B77 /* Base */ = {isa = PBXFileReference; lastKnownFileType = file.storyboard; name = Base; path = Base.lproj/Main.storyboard; sourceTree = "<group>"; };
		74AC612A1AAB680200DE3B77 /* Images.xcassets */ = {isa = PBXFileReference; lastKnownFileType = folder.assetcatalog; path = Images.xcassets; sourceTree = "<group>"; };
		74AC612D1AAB680200DE3B77 /* Base */ = {isa = PBXFileReference; lastKnownFileType = file.xib; name = Base; path = Base.lproj/LaunchScreen.xib; sourceTree = "<group>"; };
		74AC61381AAB680200DE3B77 /* Info.plist */ = {isa = PBXFileReference; lastKnownFileType = text.plist.xml; path = Info.plist; sourceTree = "<group>"; };
		74AC61391AAB680200DE3B77 /* TicTacIOiOSTests.swift */ = {isa = PBXFileReference; lastKnownFileType = sourcecode.swift; path = TicTacIOiOSTests.swift; sourceTree = "<group>"; };
		74F026A01BAC8389001C737A /* SocketAckEmitter.swift */ = {isa = PBXFileReference; fileEncoding = 4; lastKnownFileType = sourcecode.swift; path = SocketAckEmitter.swift; sourceTree = "<group>"; };
		74F026A11BAC8389001C737A /* SocketAckManager.swift */ = {isa = PBXFileReference; fileEncoding = 4; lastKnownFileType = sourcecode.swift; path = SocketAckManager.swift; sourceTree = "<group>"; };
		74F026A21BAC8389001C737A /* SocketAnyEvent.swift */ = {isa = PBXFileReference; fileEncoding = 4; lastKnownFileType = sourcecode.swift; path = SocketAnyEvent.swift; sourceTree = "<group>"; };
		74F026A31BAC8389001C737A /* SocketEngine.swift */ = {isa = PBXFileReference; fileEncoding = 4; lastKnownFileType = sourcecode.swift; path = SocketEngine.swift; sourceTree = "<group>"; };
		74F026A41BAC8389001C737A /* SocketEngineClient.swift */ = {isa = PBXFileReference; fileEncoding = 4; lastKnownFileType = sourcecode.swift; path = SocketEngineClient.swift; sourceTree = "<group>"; };
		74F026A51BAC8389001C737A /* SocketEventHandler.swift */ = {isa = PBXFileReference; fileEncoding = 4; lastKnownFileType = sourcecode.swift; path = SocketEventHandler.swift; sourceTree = "<group>"; };
		74F026A61BAC8389001C737A /* SocketFixUTF8.swift */ = {isa = PBXFileReference; fileEncoding = 4; lastKnownFileType = sourcecode.swift; path = SocketFixUTF8.swift; sourceTree = "<group>"; };
		74F026A71BAC8389001C737A /* SocketIOClient.swift */ = {isa = PBXFileReference; fileEncoding = 4; lastKnownFileType = sourcecode.swift; path = SocketIOClient.swift; sourceTree = "<group>"; };
		74F026A81BAC8389001C737A /* SocketIOClientStatus.swift */ = {isa = PBXFileReference; fileEncoding = 4; lastKnownFileType = sourcecode.swift; path = SocketIOClientStatus.swift; sourceTree = "<group>"; };
		74F026A91BAC8389001C737A /* SocketLogger.swift */ = {isa = PBXFileReference; fileEncoding = 4; lastKnownFileType = sourcecode.swift; path = SocketLogger.swift; sourceTree = "<group>"; };
		74F026AA1BAC8389001C737A /* SocketPacket.swift */ = {isa = PBXFileReference; fileEncoding = 4; lastKnownFileType = sourcecode.swift; path = SocketPacket.swift; sourceTree = "<group>"; };
		74F026AB1BAC8389001C737A /* SocketParser.swift */ = {isa = PBXFileReference; fileEncoding = 4; lastKnownFileType = sourcecode.swift; path = SocketParser.swift; sourceTree = "<group>"; };
		74F026AC1BAC8389001C737A /* SocketStringReader.swift */ = {isa = PBXFileReference; fileEncoding = 4; lastKnownFileType = sourcecode.swift; path = SocketStringReader.swift; sourceTree = "<group>"; };
		74F026AD1BAC8389001C737A /* SocketTypes.swift */ = {isa = PBXFileReference; fileEncoding = 4; lastKnownFileType = sourcecode.swift; path = SocketTypes.swift; sourceTree = "<group>"; };
		74F026AE1BAC8389001C737A /* SwiftRegex.swift */ = {isa = PBXFileReference; fileEncoding = 4; lastKnownFileType = sourcecode.swift; path = SwiftRegex.swift; sourceTree = "<group>"; };
		74F026AF1BAC8389001C737A /* WebSocket.swift */ = {isa = PBXFileReference; fileEncoding = 4; lastKnownFileType = sourcecode.swift; path = WebSocket.swift; sourceTree = "<group>"; };
/* End PBXFileReference section */

/* Begin PBXFrameworksBuildPhase section */
		74AC611B1AAB680200DE3B77 /* Frameworks */ = {
			isa = PBXFrameworksBuildPhase;
			buildActionMask = 2147483647;
			files = (
			);
			runOnlyForDeploymentPostprocessing = 0;
		};
/* End PBXFrameworksBuildPhase section */

/* Begin PBXGroup section */
		74AC61151AAB680200DE3B77 = {
			isa = PBXGroup;
			children = (
				74F0269F1BAC8389001C737A /* SocketIOClientSwift */,
				74AC61201AAB680200DE3B77 /* TicTacIOiOS */,
				74AC61361AAB680200DE3B77 /* TicTacIOiOSTests */,
				74AC611F1AAB680200DE3B77 /* Products */,
			);
			sourceTree = "<group>";
		};
		74AC611F1AAB680200DE3B77 /* Products */ = {
			isa = PBXGroup;
			children = (
				74AC611E1AAB680200DE3B77 /* TicTacIOiOS.app */,
			);
			name = Products;
			sourceTree = "<group>";
		};
		74AC61201AAB680200DE3B77 /* TicTacIOiOS */ = {
			isa = PBXGroup;
			children = (
				74AC61231AAB680200DE3B77 /* AppDelegate.swift */,
				74AC61251AAB680200DE3B77 /* ViewController.swift */,
				74AC61271AAB680200DE3B77 /* Main.storyboard */,
				74AC612A1AAB680200DE3B77 /* Images.xcassets */,
				74AC612C1AAB680200DE3B77 /* LaunchScreen.xib */,
				74AC61211AAB680200DE3B77 /* Supporting Files */,
			);
			path = TicTacIOiOS;
			sourceTree = "<group>";
		};
		74AC61211AAB680200DE3B77 /* Supporting Files */ = {
			isa = PBXGroup;
			children = (
				74AC61221AAB680200DE3B77 /* Info.plist */,
			);
			name = "Supporting Files";
			sourceTree = "<group>";
		};
		74AC61361AAB680200DE3B77 /* TicTacIOiOSTests */ = {
			isa = PBXGroup;
			children = (
				74AC61391AAB680200DE3B77 /* TicTacIOiOSTests.swift */,
				74AC61371AAB680200DE3B77 /* Supporting Files */,
			);
			path = TicTacIOiOSTests;
			sourceTree = "<group>";
		};
		74AC61371AAB680200DE3B77 /* Supporting Files */ = {
			isa = PBXGroup;
			children = (
				74AC61381AAB680200DE3B77 /* Info.plist */,
			);
			name = "Supporting Files";
			sourceTree = "<group>";
		};
		74F0269F1BAC8389001C737A /* SocketIOClientSwift */ = {
			isa = PBXGroup;
			children = (
				74F026A01BAC8389001C737A /* SocketAckEmitter.swift */,
				74F026A11BAC8389001C737A /* SocketAckManager.swift */,
				74F026A21BAC8389001C737A /* SocketAnyEvent.swift */,
				74F026A31BAC8389001C737A /* SocketEngine.swift */,
				74F026A41BAC8389001C737A /* SocketEngineClient.swift */,
				74F026A51BAC8389001C737A /* SocketEventHandler.swift */,
				74F026A61BAC8389001C737A /* SocketFixUTF8.swift */,
				74F026A71BAC8389001C737A /* SocketIOClient.swift */,
				74F026A81BAC8389001C737A /* SocketIOClientStatus.swift */,
				74F026A91BAC8389001C737A /* SocketLogger.swift */,
				74F026AA1BAC8389001C737A /* SocketPacket.swift */,
				74F026AB1BAC8389001C737A /* SocketParser.swift */,
				74F026AC1BAC8389001C737A /* SocketStringReader.swift */,
				74F026AD1BAC8389001C737A /* SocketTypes.swift */,
				74F026AE1BAC8389001C737A /* SwiftRegex.swift */,
				74F026AF1BAC8389001C737A /* WebSocket.swift */,
			);
			name = SocketIOClientSwift;
			path = TicTacIOiOS/SocketIOClientSwift/SocketIOClientSwift;
			sourceTree = "<group>";
		};
/* End PBXGroup section */

/* Begin PBXNativeTarget section */
		74AC611D1AAB680200DE3B77 /* TicTacIOiOS */ = {
			isa = PBXNativeTarget;
			buildConfigurationList = 74AC613D1AAB680200DE3B77 /* Build configuration list for PBXNativeTarget "TicTacIOiOS" */;
			buildPhases = (
				74AC611A1AAB680200DE3B77 /* Sources */,
				74AC611B1AAB680200DE3B77 /* Frameworks */,
				74AC611C1AAB680200DE3B77 /* Resources */,
			);
			buildRules = (
			);
			dependencies = (
			);
			name = TicTacIOiOS;
			productName = TicTacIOiOS;
			productReference = 74AC611E1AAB680200DE3B77 /* TicTacIOiOS.app */;
			productType = "com.apple.product-type.application";
		};
/* End PBXNativeTarget section */

/* Begin PBXProject section */
		74AC61161AAB680200DE3B77 /* Project object */ = {
			isa = PBXProject;
			attributes = {
				LastSwiftUpdateCheck = 0700;
				LastUpgradeCheck = 0630;
				ORGANIZATIONNAME = "Erik Little";
				TargetAttributes = {
					74AC611D1AAB680200DE3B77 = {
						CreatedOnToolsVersion = 6.3;
					};
				};
			};
			buildConfigurationList = 74AC61191AAB680200DE3B77 /* Build configuration list for PBXProject "TicTacIOiOS" */;
			compatibilityVersion = "Xcode 3.2";
			developmentRegion = English;
			hasScannedForEncodings = 0;
			knownRegions = (
				en,
				Base,
			);
			mainGroup = 74AC61151AAB680200DE3B77;
			productRefGroup = 74AC611F1AAB680200DE3B77 /* Products */;
			projectDirPath = "";
			projectRoot = "";
			targets = (
				74AC611D1AAB680200DE3B77 /* TicTacIOiOS */,
			);
		};
/* End PBXProject section */

/* Begin PBXResourcesBuildPhase section */
		74AC611C1AAB680200DE3B77 /* Resources */ = {
			isa = PBXResourcesBuildPhase;
			buildActionMask = 2147483647;
			files = (
				74AC61291AAB680200DE3B77 /* Main.storyboard in Resources */,
				74AC612E1AAB680200DE3B77 /* LaunchScreen.xib in Resources */,
				74AC612B1AAB680200DE3B77 /* Images.xcassets in Resources */,
			);
			runOnlyForDeploymentPostprocessing = 0;
		};
/* End PBXResourcesBuildPhase section */

/* Begin PBXSourcesBuildPhase section */
		74AC611A1AAB680200DE3B77 /* Sources */ = {
			isa = PBXSourcesBuildPhase;
			buildActionMask = 2147483647;
			files = (
				74F026B61BAC8389001C737A /* SocketFixUTF8.swift in Sources */,
				74F026B41BAC8389001C737A /* SocketEngineClient.swift in Sources */,
				74F026B91BAC8389001C737A /* SocketLogger.swift in Sources */,
				74F026BB1BAC8389001C737A /* SocketParser.swift in Sources */,
				74F026B31BAC8389001C737A /* SocketEngine.swift in Sources */,
				74F026B21BAC8389001C737A /* SocketAnyEvent.swift in Sources */,
				74F026BC1BAC8389001C737A /* SocketStringReader.swift in Sources */,
				74F026BF1BAC8389001C737A /* WebSocket.swift in Sources */,
				74F026B81BAC8389001C737A /* SocketIOClientStatus.swift in Sources */,
				74F026BA1BAC8389001C737A /* SocketPacket.swift in Sources */,
				74F026B11BAC8389001C737A /* SocketAckManager.swift in Sources */,
				74F026BD1BAC8389001C737A /* SocketTypes.swift in Sources */,
				74F026B71BAC8389001C737A /* SocketIOClient.swift in Sources */,
				74F026B51BAC8389001C737A /* SocketEventHandler.swift in Sources */,
				74F026B01BAC8389001C737A /* SocketAckEmitter.swift in Sources */,
				74F026BE1BAC8389001C737A /* SwiftRegex.swift in Sources */,
				74AC61261AAB680200DE3B77 /* ViewController.swift in Sources */,
				74AC61241AAB680200DE3B77 /* AppDelegate.swift in Sources */,
			);
			runOnlyForDeploymentPostprocessing = 0;
		};
/* End PBXSourcesBuildPhase section */

/* Begin PBXVariantGroup section */
		74AC61271AAB680200DE3B77 /* Main.storyboard */ = {
			isa = PBXVariantGroup;
			children = (
				74AC61281AAB680200DE3B77 /* Base */,
			);
			name = Main.storyboard;
			sourceTree = "<group>";
		};
		74AC612C1AAB680200DE3B77 /* LaunchScreen.xib */ = {
			isa = PBXVariantGroup;
			children = (
				74AC612D1AAB680200DE3B77 /* Base */,
			);
			name = LaunchScreen.xib;
			sourceTree = "<group>";
		};
/* End PBXVariantGroup section */

/* Begin XCBuildConfiguration section */
		74AC613B1AAB680200DE3B77 /* Debug */ = {
			isa = XCBuildConfiguration;
			buildSettings = {
				ALWAYS_SEARCH_USER_PATHS = NO;
				CLANG_CXX_LANGUAGE_STANDARD = "gnu++0x";
				CLANG_CXX_LIBRARY = "libc++";
				CLANG_ENABLE_MODULES = YES;
				CLANG_ENABLE_OBJC_ARC = YES;
				CLANG_WARN_BOOL_CONVERSION = YES;
				CLANG_WARN_CONSTANT_CONVERSION = YES;
				CLANG_WARN_DIRECT_OBJC_ISA_USAGE = YES_ERROR;
				CLANG_WARN_EMPTY_BODY = YES;
				CLANG_WARN_ENUM_CONVERSION = YES;
				CLANG_WARN_INT_CONVERSION = YES;
				CLANG_WARN_OBJC_ROOT_CLASS = YES_ERROR;
				CLANG_WARN_UNREACHABLE_CODE = YES;
				CLANG_WARN__DUPLICATE_METHOD_MATCH = YES;
				"CODE_SIGN_IDENTITY[sdk=iphoneos*]" = "iPhone Developer";
				COPY_PHASE_STRIP = NO;
				DEBUG_INFORMATION_FORMAT = dwarf;
				ENABLE_STRICT_OBJC_MSGSEND = YES;
				GCC_C_LANGUAGE_STANDARD = gnu99;
				GCC_DYNAMIC_NO_PIC = NO;
				GCC_NO_COMMON_BLOCKS = YES;
				GCC_OPTIMIZATION_LEVEL = 0;
				GCC_PREPROCESSOR_DEFINITIONS = (
					"DEBUG=1",
					"$(inherited)",
				);
				GCC_SYMBOLS_PRIVATE_EXTERN = NO;
				GCC_WARN_64_TO_32_BIT_CONVERSION = YES;
				GCC_WARN_ABOUT_RETURN_TYPE = YES_ERROR;
				GCC_WARN_UNDECLARED_SELECTOR = YES;
				GCC_WARN_UNINITIALIZED_AUTOS = YES_AGGRESSIVE;
				GCC_WARN_UNUSED_FUNCTION = YES;
				GCC_WARN_UNUSED_VARIABLE = YES;
				IPHONEOS_DEPLOYMENT_TARGET = 8.1;
				MTL_ENABLE_DEBUG_INFO = YES;
				ONLY_ACTIVE_ARCH = YES;
				SDKROOT = iphoneos;
				SWIFT_OPTIMIZATION_LEVEL = "-Onone";
				TARGETED_DEVICE_FAMILY = "1,2";
			};
			name = Debug;
		};
		74AC613C1AAB680200DE3B77 /* Release */ = {
			isa = XCBuildConfiguration;
			buildSettings = {
				ALWAYS_SEARCH_USER_PATHS = NO;
				CLANG_CXX_LANGUAGE_STANDARD = "gnu++0x";
				CLANG_CXX_LIBRARY = "libc++";
				CLANG_ENABLE_MODULES = YES;
				CLANG_ENABLE_OBJC_ARC = YES;
				CLANG_WARN_BOOL_CONVERSION = YES;
				CLANG_WARN_CONSTANT_CONVERSION = YES;
				CLANG_WARN_DIRECT_OBJC_ISA_USAGE = YES_ERROR;
				CLANG_WARN_EMPTY_BODY = YES;
				CLANG_WARN_ENUM_CONVERSION = YES;
				CLANG_WARN_INT_CONVERSION = YES;
				CLANG_WARN_OBJC_ROOT_CLASS = YES_ERROR;
				CLANG_WARN_UNREACHABLE_CODE = YES;
				CLANG_WARN__DUPLICATE_METHOD_MATCH = YES;
				"CODE_SIGN_IDENTITY[sdk=iphoneos*]" = "iPhone Developer";
				COPY_PHASE_STRIP = NO;
				DEBUG_INFORMATION_FORMAT = "dwarf-with-dsym";
				ENABLE_NS_ASSERTIONS = NO;
				ENABLE_STRICT_OBJC_MSGSEND = YES;
				GCC_C_LANGUAGE_STANDARD = gnu99;
				GCC_NO_COMMON_BLOCKS = YES;
				GCC_WARN_64_TO_32_BIT_CONVERSION = YES;
				GCC_WARN_ABOUT_RETURN_TYPE = YES_ERROR;
				GCC_WARN_UNDECLARED_SELECTOR = YES;
				GCC_WARN_UNINITIALIZED_AUTOS = YES_AGGRESSIVE;
				GCC_WARN_UNUSED_FUNCTION = YES;
				GCC_WARN_UNUSED_VARIABLE = YES;
				IPHONEOS_DEPLOYMENT_TARGET = 8.1;
				MTL_ENABLE_DEBUG_INFO = NO;
				SDKROOT = iphoneos;
				TARGETED_DEVICE_FAMILY = "1,2";
				VALIDATE_PRODUCT = YES;
			};
			name = Release;
		};
		74AC613E1AAB680200DE3B77 /* Debug */ = {
			isa = XCBuildConfiguration;
			buildSettings = {
				ASSETCATALOG_COMPILER_APPICON_NAME = AppIcon;
				INFOPLIST_FILE = TicTacIOiOS/Info.plist;
				IPHONEOS_DEPLOYMENT_TARGET = 8.1;
				LD_RUNPATH_SEARCH_PATHS = "$(inherited) @executable_path/Frameworks";
				PRODUCT_NAME = "$(TARGET_NAME)";
				SWIFT_OBJC_BRIDGING_HEADER = "";
				SWIFT_OPTIMIZATION_LEVEL = "-Onone";
				SWIFT_WHOLE_MODULE_OPTIMIZATION = NO;
			};
			name = Debug;
		};
		74AC613F1AAB680200DE3B77 /* Release */ = {
			isa = XCBuildConfiguration;
			buildSettings = {
				ASSETCATALOG_COMPILER_APPICON_NAME = AppIcon;
				INFOPLIST_FILE = TicTacIOiOS/Info.plist;
				IPHONEOS_DEPLOYMENT_TARGET = 8.1;
				LD_RUNPATH_SEARCH_PATHS = "$(inherited) @executable_path/Frameworks";
				PRODUCT_NAME = "$(TARGET_NAME)";
				SWIFT_OBJC_BRIDGING_HEADER = "";
				SWIFT_OPTIMIZATION_LEVEL = "-Onone";
				SWIFT_WHOLE_MODULE_OPTIMIZATION = NO;
			};
			name = Release;
		};
/* End XCBuildConfiguration section */

/* Begin XCConfigurationList section */
		74AC61191AAB680200DE3B77 /* Build configuration list for PBXProject "TicTacIOiOS" */ = {
			isa = XCConfigurationList;
			buildConfigurations = (
				74AC613B1AAB680200DE3B77 /* Debug */,
				74AC613C1AAB680200DE3B77 /* Release */,
			);
			defaultConfigurationIsVisible = 0;
			defaultConfigurationName = Release;
		};
		74AC613D1AAB680200DE3B77 /* Build configuration list for PBXNativeTarget "TicTacIOiOS" */ = {
			isa = XCConfigurationList;
			buildConfigurations = (
				74AC613E1AAB680200DE3B77 /* Debug */,
				74AC613F1AAB680200DE3B77 /* Release */,
			);
			defaultConfigurationIsVisible = 0;
			defaultConfigurationName = Release;
		};
/* End XCConfigurationList section */
	};
	rootObject = 74AC61161AAB680200DE3B77 /* Project object */;
}
