// !$*UTF8*$!
{
	archiveVersion = 1;
	classes = {
	};
	objectVersion = 46;
	objects = {

/* Begin PBXBuildFile section */
		74AC61241AAB680200DE3B77 /* AppDelegate.swift in Sources */ = {isa = PBXBuildFile; fileRef = 74AC61231AAB680200DE3B77 /* AppDelegate.swift */; };
		74AC61261AAB680200DE3B77 /* ViewController.swift in Sources */ = {isa = PBXBuildFile; fileRef = 74AC61251AAB680200DE3B77 /* ViewController.swift */; };
		74AC61291AAB680200DE3B77 /* Main.storyboard in Resources */ = {isa = PBXBuildFile; fileRef = 74AC61271AAB680200DE3B77 /* Main.storyboard */; };
		74AC612B1AAB680200DE3B77 /* Images.xcassets in Resources */ = {isa = PBXBuildFile; fileRef = 74AC612A1AAB680200DE3B77 /* Images.xcassets */; };
		74AC612E1AAB680200DE3B77 /* LaunchScreen.xib in Resources */ = {isa = PBXBuildFile; fileRef = 74AC612C1AAB680200DE3B77 /* LaunchScreen.xib */; };
		A72C82011ECD52C9009639DD /* SocketAckEmitter.swift in Sources */ = {isa = PBXBuildFile; fileRef = A72C81E91ECD52C9009639DD /* SocketAckEmitter.swift */; };
		A72C82021ECD52C9009639DD /* SocketAckManager.swift in Sources */ = {isa = PBXBuildFile; fileRef = A72C81EA1ECD52C9009639DD /* SocketAckManager.swift */; };
		A72C82031ECD52C9009639DD /* SocketAnyEvent.swift in Sources */ = {isa = PBXBuildFile; fileRef = A72C81EB1ECD52C9009639DD /* SocketAnyEvent.swift */; };
		A72C82041ECD52C9009639DD /* SocketClientManager.swift in Sources */ = {isa = PBXBuildFile; fileRef = A72C81EC1ECD52C9009639DD /* SocketClientManager.swift */; };
		A72C82051ECD52C9009639DD /* SocketEngine.swift in Sources */ = {isa = PBXBuildFile; fileRef = A72C81ED1ECD52C9009639DD /* SocketEngine.swift */; };
		A72C82061ECD52C9009639DD /* SocketEngineClient.swift in Sources */ = {isa = PBXBuildFile; fileRef = A72C81EE1ECD52C9009639DD /* SocketEngineClient.swift */; };
		A72C82071ECD52C9009639DD /* SocketEnginePacketType.swift in Sources */ = {isa = PBXBuildFile; fileRef = A72C81EF1ECD52C9009639DD /* SocketEnginePacketType.swift */; };
		A72C82081ECD52C9009639DD /* SocketEnginePollable.swift in Sources */ = {isa = PBXBuildFile; fileRef = A72C81F01ECD52C9009639DD /* SocketEnginePollable.swift */; };
		A72C82091ECD52C9009639DD /* SocketEngineSpec.swift in Sources */ = {isa = PBXBuildFile; fileRef = A72C81F11ECD52C9009639DD /* SocketEngineSpec.swift */; };
		A72C820A1ECD52C9009639DD /* SocketEngineWebsocket.swift in Sources */ = {isa = PBXBuildFile; fileRef = A72C81F21ECD52C9009639DD /* SocketEngineWebsocket.swift */; };
		A72C820B1ECD52C9009639DD /* SocketEventHandler.swift in Sources */ = {isa = PBXBuildFile; fileRef = A72C81F31ECD52C9009639DD /* SocketEventHandler.swift */; };
		A72C820C1ECD52C9009639DD /* SocketExtensions.swift in Sources */ = {isa = PBXBuildFile; fileRef = A72C81F41ECD52C9009639DD /* SocketExtensions.swift */; };
		A72C820D1ECD52C9009639DD /* SocketIOClient.swift in Sources */ = {isa = PBXBuildFile; fileRef = A72C81F51ECD52C9009639DD /* SocketIOClient.swift */; };
		A72C820E1ECD52C9009639DD /* SocketIOClientConfiguration.swift in Sources */ = {isa = PBXBuildFile; fileRef = A72C81F61ECD52C9009639DD /* SocketIOClientConfiguration.swift */; };
		A72C820F1ECD52C9009639DD /* SocketIOClientOption.swift in Sources */ = {isa = PBXBuildFile; fileRef = A72C81F71ECD52C9009639DD /* SocketIOClientOption.swift */; };
		A72C82101ECD52C9009639DD /* SocketIOClientSpec.swift in Sources */ = {isa = PBXBuildFile; fileRef = A72C81F81ECD52C9009639DD /* SocketIOClientSpec.swift */; };
		A72C82111ECD52C9009639DD /* SocketIOClientStatus.swift in Sources */ = {isa = PBXBuildFile; fileRef = A72C81F91ECD52C9009639DD /* SocketIOClientStatus.swift */; };
		A72C82121ECD52C9009639DD /* SocketLogger.swift in Sources */ = {isa = PBXBuildFile; fileRef = A72C81FA1ECD52C9009639DD /* SocketLogger.swift */; };
		A72C82131ECD52C9009639DD /* SocketPacket.swift in Sources */ = {isa = PBXBuildFile; fileRef = A72C81FB1ECD52C9009639DD /* SocketPacket.swift */; };
		A72C82141ECD52C9009639DD /* SocketParsable.swift in Sources */ = {isa = PBXBuildFile; fileRef = A72C81FC1ECD52C9009639DD /* SocketParsable.swift */; };
		A72C82151ECD52C9009639DD /* SocketStringReader.swift in Sources */ = {isa = PBXBuildFile; fileRef = A72C81FD1ECD52C9009639DD /* SocketStringReader.swift */; };
		A72C82161ECD52C9009639DD /* SocketTypes.swift in Sources */ = {isa = PBXBuildFile; fileRef = A72C81FE1ECD52C9009639DD /* SocketTypes.swift */; };
		A72C82171ECD52C9009639DD /* SSLSecurity.swift in Sources */ = {isa = PBXBuildFile; fileRef = A72C81FF1ECD52C9009639DD /* SSLSecurity.swift */; };
		A72C82181ECD52C9009639DD /* WebSocket.swift in Sources */ = {isa = PBXBuildFile; fileRef = A72C82001ECD52C9009639DD /* WebSocket.swift */; };
/* End PBXBuildFile section */

/* Begin PBXFileReference section */
		74AC611E1AAB680200DE3B77 /* TicTacIOiOS.app */ = {isa = PBXFileReference; explicitFileType = wrapper.application; includeInIndex = 0; path = TicTacIOiOS.app; sourceTree = BUILT_PRODUCTS_DIR; };
		74AC61221AAB680200DE3B77 /* Info.plist */ = {isa = PBXFileReference; lastKnownFileType = text.plist.xml; path = Info.plist; sourceTree = "<group>"; };
		74AC61231AAB680200DE3B77 /* AppDelegate.swift */ = {isa = PBXFileReference; lastKnownFileType = sourcecode.swift; path = AppDelegate.swift; sourceTree = "<group>"; };
		74AC61251AAB680200DE3B77 /* ViewController.swift */ = {isa = PBXFileReference; lastKnownFileType = sourcecode.swift; path = ViewController.swift; sourceTree = "<group>"; };
		74AC61281AAB680200DE3B77 /* Base */ = {isa = PBXFileReference; lastKnownFileType = file.storyboard; name = Base; path = Base.lproj/Main.storyboard; sourceTree = "<group>"; };
		74AC612A1AAB680200DE3B77 /* Images.xcassets */ = {isa = PBXFileReference; lastKnownFileType = folder.assetcatalog; path = Images.xcassets; sourceTree = "<group>"; };
		74AC612D1AAB680200DE3B77 /* Base */ = {isa = PBXFileReference; lastKnownFileType = file.xib; name = Base; path = Base.lproj/LaunchScreen.xib; sourceTree = "<group>"; };
		74AC61381AAB680200DE3B77 /* Info.plist */ = {isa = PBXFileReference; lastKnownFileType = text.plist.xml; path = Info.plist; sourceTree = "<group>"; };
		74AC61391AAB680200DE3B77 /* TicTacIOiOSTests.swift */ = {isa = PBXFileReference; lastKnownFileType = sourcecode.swift; path = TicTacIOiOSTests.swift; sourceTree = "<group>"; };
		A72C81E91ECD52C9009639DD /* SocketAckEmitter.swift */ = {isa = PBXFileReference; fileEncoding = 4; lastKnownFileType = sourcecode.swift; name = SocketAckEmitter.swift; path = TicTacIOiOS/SocketIOClientSwift/SocketAckEmitter.swift; sourceTree = SOURCE_ROOT; };
		A72C81EA1ECD52C9009639DD /* SocketAckManager.swift */ = {isa = PBXFileReference; fileEncoding = 4; lastKnownFileType = sourcecode.swift; name = SocketAckManager.swift; path = TicTacIOiOS/SocketIOClientSwift/SocketAckManager.swift; sourceTree = SOURCE_ROOT; };
		A72C81EB1ECD52C9009639DD /* SocketAnyEvent.swift */ = {isa = PBXFileReference; fileEncoding = 4; lastKnownFileType = sourcecode.swift; name = SocketAnyEvent.swift; path = TicTacIOiOS/SocketIOClientSwift/SocketAnyEvent.swift; sourceTree = SOURCE_ROOT; };
		A72C81EC1ECD52C9009639DD /* SocketClientManager.swift */ = {isa = PBXFileReference; fileEncoding = 4; lastKnownFileType = sourcecode.swift; name = SocketClientManager.swift; path = TicTacIOiOS/SocketIOClientSwift/SocketClientManager.swift; sourceTree = SOURCE_ROOT; };
		A72C81ED1ECD52C9009639DD /* SocketEngine.swift */ = {isa = PBXFileReference; fileEncoding = 4; lastKnownFileType = sourcecode.swift; name = SocketEngine.swift; path = TicTacIOiOS/SocketIOClientSwift/SocketEngine.swift; sourceTree = SOURCE_ROOT; };
		A72C81EE1ECD52C9009639DD /* SocketEngineClient.swift */ = {isa = PBXFileReference; fileEncoding = 4; lastKnownFileType = sourcecode.swift; name = SocketEngineClient.swift; path = TicTacIOiOS/SocketIOClientSwift/SocketEngineClient.swift; sourceTree = SOURCE_ROOT; };
		A72C81EF1ECD52C9009639DD /* SocketEnginePacketType.swift */ = {isa = PBXFileReference; fileEncoding = 4; lastKnownFileType = sourcecode.swift; name = SocketEnginePacketType.swift; path = TicTacIOiOS/SocketIOClientSwift/SocketEnginePacketType.swift; sourceTree = SOURCE_ROOT; };
		A72C81F01ECD52C9009639DD /* SocketEnginePollable.swift */ = {isa = PBXFileReference; fileEncoding = 4; lastKnownFileType = sourcecode.swift; name = SocketEnginePollable.swift; path = TicTacIOiOS/SocketIOClientSwift/SocketEnginePollable.swift; sourceTree = SOURCE_ROOT; };
		A72C81F11ECD52C9009639DD /* SocketEngineSpec.swift */ = {isa = PBXFileReference; fileEncoding = 4; lastKnownFileType = sourcecode.swift; name = SocketEngineSpec.swift; path = TicTacIOiOS/SocketIOClientSwift/SocketEngineSpec.swift; sourceTree = SOURCE_ROOT; };
		A72C81F21ECD52C9009639DD /* SocketEngineWebsocket.swift */ = {isa = PBXFileReference; fileEncoding = 4; lastKnownFileType = sourcecode.swift; name = SocketEngineWebsocket.swift; path = TicTacIOiOS/SocketIOClientSwift/SocketEngineWebsocket.swift; sourceTree = SOURCE_ROOT; };
		A72C81F31ECD52C9009639DD /* SocketEventHandler.swift */ = {isa = PBXFileReference; fileEncoding = 4; lastKnownFileType = sourcecode.swift; name = SocketEventHandler.swift; path = TicTacIOiOS/SocketIOClientSwift/SocketEventHandler.swift; sourceTree = SOURCE_ROOT; };
		A72C81F41ECD52C9009639DD /* SocketExtensions.swift */ = {isa = PBXFileReference; fileEncoding = 4; lastKnownFileType = sourcecode.swift; name = SocketExtensions.swift; path = TicTacIOiOS/SocketIOClientSwift/SocketExtensions.swift; sourceTree = SOURCE_ROOT; };
		A72C81F51ECD52C9009639DD /* SocketIOClient.swift */ = {isa = PBXFileReference; fileEncoding = 4; lastKnownFileType = sourcecode.swift; name = SocketIOClient.swift; path = TicTacIOiOS/SocketIOClientSwift/SocketIOClient.swift; sourceTree = SOURCE_ROOT; };
		A72C81F61ECD52C9009639DD /* SocketIOClientConfiguration.swift */ = {isa = PBXFileReference; fileEncoding = 4; lastKnownFileType = sourcecode.swift; name = SocketIOClientConfiguration.swift; path = TicTacIOiOS/SocketIOClientSwift/SocketIOClientConfiguration.swift; sourceTree = SOURCE_ROOT; };
		A72C81F71ECD52C9009639DD /* SocketIOClientOption.swift */ = {isa = PBXFileReference; fileEncoding = 4; lastKnownFileType = sourcecode.swift; name = SocketIOClientOption.swift; path = TicTacIOiOS/SocketIOClientSwift/SocketIOClientOption.swift; sourceTree = SOURCE_ROOT; };
		A72C81F81ECD52C9009639DD /* SocketIOClientSpec.swift */ = {isa = PBXFileReference; fileEncoding = 4; lastKnownFileType = sourcecode.swift; name = SocketIOClientSpec.swift; path = TicTacIOiOS/SocketIOClientSwift/SocketIOClientSpec.swift; sourceTree = SOURCE_ROOT; };
		A72C81F91ECD52C9009639DD /* SocketIOClientStatus.swift */ = {isa = PBXFileReference; fileEncoding = 4; lastKnownFileType = sourcecode.swift; name = SocketIOClientStatus.swift; path = TicTacIOiOS/SocketIOClientSwift/SocketIOClientStatus.swift; sourceTree = SOURCE_ROOT; };
		A72C81FA1ECD52C9009639DD /* SocketLogger.swift */ = {isa = PBXFileReference; fileEncoding = 4; lastKnownFileType = sourcecode.swift; name = SocketLogger.swift; path = TicTacIOiOS/SocketIOClientSwift/SocketLogger.swift; sourceTree = SOURCE_ROOT; };
		A72C81FB1ECD52C9009639DD /* SocketPacket.swift */ = {isa = PBXFileReference; fileEncoding = 4; lastKnownFileType = sourcecode.swift; name = SocketPacket.swift; path = TicTacIOiOS/SocketIOClientSwift/SocketPacket.swift; sourceTree = SOURCE_ROOT; };
		A72C81FC1ECD52C9009639DD /* SocketParsable.swift */ = {isa = PBXFileReference; fileEncoding = 4; lastKnownFileType = sourcecode.swift; name = SocketParsable.swift; path = TicTacIOiOS/SocketIOClientSwift/SocketParsable.swift; sourceTree = SOURCE_ROOT; };
		A72C81FD1ECD52C9009639DD /* SocketStringReader.swift */ = {isa = PBXFileReference; fileEncoding = 4; lastKnownFileType = sourcecode.swift; name = SocketStringReader.swift; path = TicTacIOiOS/SocketIOClientSwift/SocketStringReader.swift; sourceTree = SOURCE_ROOT; };
		A72C81FE1ECD52C9009639DD /* SocketTypes.swift */ = {isa = PBXFileReference; fileEncoding = 4; lastKnownFileType = sourcecode.swift; name = SocketTypes.swift; path = TicTacIOiOS/SocketIOClientSwift/SocketTypes.swift; sourceTree = SOURCE_ROOT; };
		A72C81FF1ECD52C9009639DD /* SSLSecurity.swift */ = {isa = PBXFileReference; fileEncoding = 4; lastKnownFileType = sourcecode.swift; name = SSLSecurity.swift; path = TicTacIOiOS/SocketIOClientSwift/SSLSecurity.swift; sourceTree = SOURCE_ROOT; };
		A72C82001ECD52C9009639DD /* WebSocket.swift */ = {isa = PBXFileReference; fileEncoding = 4; lastKnownFileType = sourcecode.swift; name = WebSocket.swift; path = TicTacIOiOS/SocketIOClientSwift/WebSocket.swift; sourceTree = SOURCE_ROOT; };
/* End PBXFileReference section */

/* Begin PBXFrameworksBuildPhase section */
		74AC611B1AAB680200DE3B77 /* Frameworks */ = {
			isa = PBXFrameworksBuildPhase;
			buildActionMask = 2147483647;
			files = (
			);
			runOnlyForDeploymentPostprocessing = 0;
		};
/* End PBXFrameworksBuildPhase section */

/* Begin PBXGroup section */
		74AC61151AAB680200DE3B77 = {
			isa = PBXGroup;
			children = (
				74F0269F1BAC8389001C737A /* SocketIOClientSwift */,
				74AC61201AAB680200DE3B77 /* TicTacIOiOS */,
				74AC61361AAB680200DE3B77 /* TicTacIOiOSTests */,
				74AC611F1AAB680200DE3B77 /* Products */,
			);
			sourceTree = "<group>";
		};
		74AC611F1AAB680200DE3B77 /* Products */ = {
			isa = PBXGroup;
			children = (
				74AC611E1AAB680200DE3B77 /* TicTacIOiOS.app */,
			);
			name = Products;
			sourceTree = "<group>";
		};
		74AC61201AAB680200DE3B77 /* TicTacIOiOS */ = {
			isa = PBXGroup;
			children = (
				74AC61231AAB680200DE3B77 /* AppDelegate.swift */,
				74AC61251AAB680200DE3B77 /* ViewController.swift */,
				74AC61271AAB680200DE3B77 /* Main.storyboard */,
				74AC612A1AAB680200DE3B77 /* Images.xcassets */,
				74AC612C1AAB680200DE3B77 /* LaunchScreen.xib */,
				74AC61211AAB680200DE3B77 /* Supporting Files */,
			);
			path = TicTacIOiOS;
			sourceTree = "<group>";
		};
		74AC61211AAB680200DE3B77 /* Supporting Files */ = {
			isa = PBXGroup;
			children = (
				74AC61221AAB680200DE3B77 /* Info.plist */,
			);
			name = "Supporting Files";
			sourceTree = "<group>";
		};
		74AC61361AAB680200DE3B77 /* TicTacIOiOSTests */ = {
			isa = PBXGroup;
			children = (
				74AC61391AAB680200DE3B77 /* TicTacIOiOSTests.swift */,
				74AC61371AAB680200DE3B77 /* Supporting Files */,
			);
			path = TicTacIOiOSTests;
			sourceTree = "<group>";
		};
		74AC61371AAB680200DE3B77 /* Supporting Files */ = {
			isa = PBXGroup;
			children = (
				74AC61381AAB680200DE3B77 /* Info.plist */,
			);
			name = "Supporting Files";
			sourceTree = "<group>";
		};
		74F0269F1BAC8389001C737A /* SocketIOClientSwift */ = {
			isa = PBXGroup;
			children = (
				A72C81E91ECD52C9009639DD /* SocketAckEmitter.swift */,
				A72C81EA1ECD52C9009639DD /* SocketAckManager.swift */,
				A72C81EB1ECD52C9009639DD /* SocketAnyEvent.swift */,
				A72C81EC1ECD52C9009639DD /* SocketClientManager.swift */,
				A72C81ED1ECD52C9009639DD /* SocketEngine.swift */,
				A72C81EE1ECD52C9009639DD /* SocketEngineClient.swift */,
				A72C81EF1ECD52C9009639DD /* SocketEnginePacketType.swift */,
				A72C81F01ECD52C9009639DD /* SocketEnginePollable.swift */,
				A72C81F11ECD52C9009639DD /* SocketEngineSpec.swift */,
				A72C81F21ECD52C9009639DD /* SocketEngineWebsocket.swift */,
				A72C81F31ECD52C9009639DD /* SocketEventHandler.swift */,
				A72C81F41ECD52C9009639DD /* SocketExtensions.swift */,
				A72C81F51ECD52C9009639DD /* SocketIOClient.swift */,
				A72C81F61ECD52C9009639DD /* SocketIOClientConfiguration.swift */,
				A72C81F71ECD52C9009639DD /* SocketIOClientOption.swift */,
				A72C81F81ECD52C9009639DD /* SocketIOClientSpec.swift */,
				A72C81F91ECD52C9009639DD /* SocketIOClientStatus.swift */,
				A72C81FA1ECD52C9009639DD /* SocketLogger.swift */,
				A72C81FB1ECD52C9009639DD /* SocketPacket.swift */,
				A72C81FC1ECD52C9009639DD /* SocketParsable.swift */,
				A72C81FD1ECD52C9009639DD /* SocketStringReader.swift */,
				A72C81FE1ECD52C9009639DD /* SocketTypes.swift */,
				A72C81FF1ECD52C9009639DD /* SSLSecurity.swift */,
				A72C82001ECD52C9009639DD /* WebSocket.swift */,
			);
			name = SocketIOClientSwift;
			path = TicTacIOiOS/SocketIOClientSwift/SocketIOClientSwift;
			sourceTree = "<group>";
		};
/* End PBXGroup section */

/* Begin PBXNativeTarget section */
		74AC611D1AAB680200DE3B77 /* TicTacIOiOS */ = {
			isa = PBXNativeTarget;
			buildConfigurationList = 74AC613D1AAB680200DE3B77 /* Build configuration list for PBXNativeTarget "TicTacIOiOS" */;
			buildPhases = (
				74AC611A1AAB680200DE3B77 /* Sources */,
				74AC611B1AAB680200DE3B77 /* Frameworks */,
				74AC611C1AAB680200DE3B77 /* Resources */,
			);
			buildRules = (
			);
			dependencies = (
			);
			name = TicTacIOiOS;
			productName = TicTacIOiOS;
			productReference = 74AC611E1AAB680200DE3B77 /* TicTacIOiOS.app */;
			productType = "com.apple.product-type.application";
		};
/* End PBXNativeTarget section */

/* Begin PBXProject section */
		74AC61161AAB680200DE3B77 /* Project object */ = {
			isa = PBXProject;
			attributes = {
				LastSwiftUpdateCheck = 0700;
				LastUpgradeCheck = 0730;
				ORGANIZATIONNAME = "Erik Little";
				TargetAttributes = {
					74AC611D1AAB680200DE3B77 = {
						CreatedOnToolsVersion = 6.3;
						DevelopmentTeam = 9WZ9BW4WW3;
						LastSwiftMigration = 0830;
					};
				};
			};
			buildConfigurationList = 74AC61191AAB680200DE3B77 /* Build configuration list for PBXProject "TicTacIOiOS" */;
			compatibilityVersion = "Xcode 3.2";
			developmentRegion = English;
			hasScannedForEncodings = 0;
			knownRegions = (
				en,
				Base,
			);
			mainGroup = 74AC61151AAB680200DE3B77;
			productRefGroup = 74AC611F1AAB680200DE3B77 /* Products */;
			projectDirPath = "";
			projectRoot = "";
			targets = (
				74AC611D1AAB680200DE3B77 /* TicTacIOiOS */,
			);
		};
/* End PBXProject section */

/* Begin PBXResourcesBuildPhase section */
		74AC611C1AAB680200DE3B77 /* Resources */ = {
			isa = PBXResourcesBuildPhase;
			buildActionMask = 2147483647;
			files = (
				74AC61291AAB680200DE3B77 /* Main.storyboard in Resources */,
				74AC612E1AAB680200DE3B77 /* LaunchScreen.xib in Resources */,
				74AC612B1AAB680200DE3B77 /* Images.xcassets in Resources */,
			);
			runOnlyForDeploymentPostprocessing = 0;
		};
/* End PBXResourcesBuildPhase section */

/* Begin PBXSourcesBuildPhase section */
		74AC611A1AAB680200DE3B77 /* Sources */ = {
			isa = PBXSourcesBuildPhase;
			buildActionMask = 2147483647;
			files = (
				A72C820D1ECD52C9009639DD /* SocketIOClient.swift in Sources */,
				A72C820C1ECD52C9009639DD /* SocketExtensions.swift in Sources */,
				A72C820A1ECD52C9009639DD /* SocketEngineWebsocket.swift in Sources */,
				A72C820F1ECD52C9009639DD /* SocketIOClientOption.swift in Sources */,
				A72C82101ECD52C9009639DD /* SocketIOClientSpec.swift in Sources */,
				A72C82111ECD52C9009639DD /* SocketIOClientStatus.swift in Sources */,
				A72C82121ECD52C9009639DD /* SocketLogger.swift in Sources */,
				A72C82031ECD52C9009639DD /* SocketAnyEvent.swift in Sources */,
				A72C82151ECD52C9009639DD /* SocketStringReader.swift in Sources */,
				A72C82181ECD52C9009639DD /* WebSocket.swift in Sources */,
				A72C82141ECD52C9009639DD /* SocketParsable.swift in Sources */,
				A72C82161ECD52C9009639DD /* SocketTypes.swift in Sources */,
				A72C820B1ECD52C9009639DD /* SocketEventHandler.swift in Sources */,
				A72C82061ECD52C9009639DD /* SocketEngineClient.swift in Sources */,
				A72C82131ECD52C9009639DD /* SocketPacket.swift in Sources */,
				A72C82021ECD52C9009639DD /* SocketAckManager.swift in Sources */,
				A72C82091ECD52C9009639DD /* SocketEngineSpec.swift in Sources */,
				A72C82011ECD52C9009639DD /* SocketAckEmitter.swift in Sources */,
				A72C82051ECD52C9009639DD /* SocketEngine.swift in Sources */,
				74AC61261AAB680200DE3B77 /* ViewController.swift in Sources */,
				74AC61241AAB680200DE3B77 /* AppDelegate.swift in Sources */,
				A72C820E1ECD52C9009639DD /* SocketIOClientConfiguration.swift in Sources */,
				A72C82171ECD52C9009639DD /* SSLSecurity.swift in Sources */,
				A72C82081ECD52C9009639DD /* SocketEnginePollable.swift in Sources */,
				A72C82071ECD52C9009639DD /* SocketEnginePacketType.swift in Sources */,
				A72C82041ECD52C9009639DD /* SocketClientManager.swift in Sources */,
			);
			runOnlyForDeploymentPostprocessing = 0;
		};
/* End PBXSourcesBuildPhase section */

/* Begin PBXVariantGroup section */
		74AC61271AAB680200DE3B77 /* Main.storyboard */ = {
			isa = PBXVariantGroup;
			children = (
				74AC61281AAB680200DE3B77 /* Base */,
			);
			name = Main.storyboard;
			sourceTree = "<group>";
		};
		74AC612C1AAB680200DE3B77 /* LaunchScreen.xib */ = {
			isa = PBXVariantGroup;
			children = (
				74AC612D1AAB680200DE3B77 /* Base */,
			);
			name = LaunchScreen.xib;
			sourceTree = "<group>";
		};
/* End PBXVariantGroup section */

/* Begin XCBuildConfiguration section */
		74AC613B1AAB680200DE3B77 /* Debug */ = {
			isa = XCBuildConfiguration;
			buildSettings = {
				ALWAYS_SEARCH_USER_PATHS = NO;
				CLANG_CXX_LANGUAGE_STANDARD = "gnu++0x";
				CLANG_CXX_LIBRARY = "libc++";
				CLANG_ENABLE_MODULES = YES;
				CLANG_ENABLE_OBJC_ARC = YES;
				CLANG_WARN_BOOL_CONVERSION = YES;
				CLANG_WARN_CONSTANT_CONVERSION = YES;
				CLANG_WARN_DIRECT_OBJC_ISA_USAGE = YES_ERROR;
				CLANG_WARN_EMPTY_BODY = YES;
				CLANG_WARN_ENUM_CONVERSION = YES;
				CLANG_WARN_INT_CONVERSION = YES;
				CLANG_WARN_OBJC_ROOT_CLASS = YES_ERROR;
				CLANG_WARN_UNREACHABLE_CODE = YES;
				CLANG_WARN__DUPLICATE_METHOD_MATCH = YES;
				"CODE_SIGN_IDENTITY[sdk=iphoneos*]" = "iPhone Developer";
				COPY_PHASE_STRIP = NO;
				DEBUG_INFORMATION_FORMAT = dwarf;
				ENABLE_STRICT_OBJC_MSGSEND = YES;
				ENABLE_TESTABILITY = YES;
				GCC_C_LANGUAGE_STANDARD = gnu99;
				GCC_DYNAMIC_NO_PIC = NO;
				GCC_NO_COMMON_BLOCKS = YES;
				GCC_OPTIMIZATION_LEVEL = 0;
				GCC_PREPROCESSOR_DEFINITIONS = (
					"DEBUG=1",
					"$(inherited)",
				);
				GCC_SYMBOLS_PRIVATE_EXTERN = NO;
				GCC_WARN_64_TO_32_BIT_CONVERSION = YES;
				GCC_WARN_ABOUT_RETURN_TYPE = YES_ERROR;
				GCC_WARN_UNDECLARED_SELECTOR = YES;
				GCC_WARN_UNINITIALIZED_AUTOS = YES_AGGRESSIVE;
				GCC_WARN_UNUSED_FUNCTION = YES;
				GCC_WARN_UNUSED_VARIABLE = YES;
				IPHONEOS_DEPLOYMENT_TARGET = 8.1;
				MTL_ENABLE_DEBUG_INFO = YES;
				ONLY_ACTIVE_ARCH = YES;
				SDKROOT = iphoneos;
				SWIFT_OPTIMIZATION_LEVEL = "-Onone";
				TARGETED_DEVICE_FAMILY = "1,2";
			};
			name = Debug;
		};
		74AC613C1AAB680200DE3B77 /* Release */ = {
			isa = XCBuildConfiguration;
			buildSettings = {
				ALWAYS_SEARCH_USER_PATHS = NO;
				CLANG_CXX_LANGUAGE_STANDARD = "gnu++0x";
				CLANG_CXX_LIBRARY = "libc++";
				CLANG_ENABLE_MODULES = YES;
				CLANG_ENABLE_OBJC_ARC = YES;
				CLANG_WARN_BOOL_CONVERSION = YES;
				CLANG_WARN_CONSTANT_CONVERSION = YES;
				CLANG_WARN_DIRECT_OBJC_ISA_USAGE = YES_ERROR;
				CLANG_WARN_EMPTY_BODY = YES;
				CLANG_WARN_ENUM_CONVERSION = YES;
				CLANG_WARN_INT_CONVERSION = YES;
				CLANG_WARN_OBJC_ROOT_CLASS = YES_ERROR;
				CLANG_WARN_UNREACHABLE_CODE = YES;
				CLANG_WARN__DUPLICATE_METHOD_MATCH = YES;
				"CODE_SIGN_IDENTITY[sdk=iphoneos*]" = "iPhone Developer";
				COPY_PHASE_STRIP = NO;
				DEBUG_INFORMATION_FORMAT = "dwarf-with-dsym";
				ENABLE_NS_ASSERTIONS = NO;
				ENABLE_STRICT_OBJC_MSGSEND = YES;
				GCC_C_LANGUAGE_STANDARD = gnu99;
				GCC_NO_COMMON_BLOCKS = YES;
				GCC_WARN_64_TO_32_BIT_CONVERSION = YES;
				GCC_WARN_ABOUT_RETURN_TYPE = YES_ERROR;
				GCC_WARN_UNDECLARED_SELECTOR = YES;
				GCC_WARN_UNINITIALIZED_AUTOS = YES_AGGRESSIVE;
				GCC_WARN_UNUSED_FUNCTION = YES;
				GCC_WARN_UNUSED_VARIABLE = YES;
				IPHONEOS_DEPLOYMENT_TARGET = 8.1;
				MTL_ENABLE_DEBUG_INFO = NO;
				SDKROOT = iphoneos;
				TARGETED_DEVICE_FAMILY = "1,2";
				VALIDATE_PRODUCT = YES;
			};
			name = Release;
		};
		74AC613E1AAB680200DE3B77 /* Debug */ = {
			isa = XCBuildConfiguration;
			buildSettings = {
				ASSETCATALOG_COMPILER_APPICON_NAME = AppIcon;
				DEVELOPMENT_TEAM = 9WZ9BW4WW3;
				INFOPLIST_FILE = TicTacIOiOS/Info.plist;
				IPHONEOS_DEPLOYMENT_TARGET = 9.3;
				LD_RUNPATH_SEARCH_PATHS = "$(inherited) @executable_path/Frameworks";
				PRODUCT_BUNDLE_IDENTIFIER = "com.milkbartube.$(PRODUCT_NAME:rfc1034identifier)";
				PRODUCT_NAME = "$(TARGET_NAME)";
				SWIFT_OBJC_BRIDGING_HEADER = "";
				SWIFT_OPTIMIZATION_LEVEL = "-Onone";
				SWIFT_VERSION = 3.0;
			};
			name = Debug;
		};
		74AC613F1AAB680200DE3B77 /* Release */ = {
			isa = XCBuildConfiguration;
			buildSettings = {
				ASSETCATALOG_COMPILER_APPICON_NAME = AppIcon;
				DEVELOPMENT_TEAM = 9WZ9BW4WW3;
				INFOPLIST_FILE = TicTacIOiOS/Info.plist;
				IPHONEOS_DEPLOYMENT_TARGET = 9.3;
				LD_RUNPATH_SEARCH_PATHS = "$(inherited) @executable_path/Frameworks";
				PRODUCT_BUNDLE_IDENTIFIER = "com.milkbartube.$(PRODUCT_NAME:rfc1034identifier)";
				PRODUCT_NAME = "$(TARGET_NAME)";
				SWIFT_OBJC_BRIDGING_HEADER = "";
				SWIFT_OPTIMIZATION_LEVEL = "-Onone";
				SWIFT_VERSION = 3.0;
			};
			name = Release;
		};
/* End XCBuildConfiguration section */

/* Begin XCConfigurationList section */
		74AC61191AAB680200DE3B77 /* Build configuration list for PBXProject "TicTacIOiOS" */ = {
			isa = XCConfigurationList;
			buildConfigurations = (
				74AC613B1AAB680200DE3B77 /* Debug */,
				74AC613C1AAB680200DE3B77 /* Release */,
			);
			defaultConfigurationIsVisible = 0;
			defaultConfigurationName = Release;
		};
		74AC613D1AAB680200DE3B77 /* Build configuration list for PBXNativeTarget "TicTacIOiOS" */ = {
			isa = XCConfigurationList;
			buildConfigurations = (
				74AC613E1AAB680200DE3B77 /* Debug */,
				74AC613F1AAB680200DE3B77 /* Release */,
			);
			defaultConfigurationIsVisible = 0;
			defaultConfigurationName = Release;
		};
/* End XCConfigurationList section */
	};
	rootObject = 74AC61161AAB680200DE3B77 /* Project object */;
}
